
Microsoft Visual Studio Solution File, Format Version 12.00
# Visual Studio 14
VisualStudioVersion = 14.0.24720.0
MinimumVisualStudioVersion = 10.0.40219.1
Project("{FAE04EC0-301F-11D3-BF4B-00C04F79EFBC}") = "OddLines", "TextFiles\OddLines.csproj", "{F5022B32-C3D7-4E6F-A264-24927A972F3B}"
EndProject
Project("{FAE04EC0-301F-11D3-BF4B-00C04F79EFBC}") = "ConcatenateTextFiles", "ConcatenateTextFiles\ConcatenateTextFiles.csproj", "{7D4BE665-84A1-4D56-AD26-066909F4CBBE}"
EndProject
Project("{FAE04EC0-301F-11D3-BF4B-00C04F79EFBC}") = "LineNumbers", "LineNumbers\LineNumbers.csproj", "{1AECDAB0-538C-46E4-93DA-3FABE4CC072A}"
EndProject
Project("{FAE04EC0-301F-11D3-BF4B-00C04F79EFBC}") = "CompareTextFiles", "CompareTextFiles\CompareTextFiles.csproj", "{EB6F665A-7870-4FE2-9144-C429EE36216C}"
EndProject
Project("{FAE04EC0-301F-11D3-BF4B-00C04F79EFBC}") = "MaximalSum", "MaximalSum\MaximalSum.csproj", "{00F142D9-8D4E-43A4-BE1F-5EA2743AC39F}"
EndProject
Project("{FAE04EC0-301F-11D3-BF4B-00C04F79EFBC}") = "SaveSortedNames", "SaveSortedNames\SaveSortedNames.csproj", "{620F4599-6229-40BB-AF00-7B9C38BF35FD}"
EndProject
Global
	GlobalSection(SolutionConfigurationPlatforms) = preSolution
		Debug|Any CPU = Debug|Any CPU
		Release|Any CPU = Release|Any CPU
	EndGlobalSection
	GlobalSection(ProjectConfigurationPlatforms) = postSolution
		{F5022B32-C3D7-4E6F-A264-24927A972F3B}.Debug|Any CPU.ActiveCfg = Debug|Any CPU
		{F5022B32-C3D7-4E6F-A264-24927A972F3B}.Debug|Any CPU.Build.0 = Debug|Any CPU
		{F5022B32-C3D7-4E6F-A264-24927A972F3B}.Release|Any CPU.ActiveCfg = Release|Any CPU
		{F5022B32-C3D7-4E6F-A264-24927A972F3B}.Release|Any CPU.Build.0 = Release|Any CPU
		{7D4BE665-84A1-4D56-AD26-066909F4CBBE}.Debug|Any CPU.ActiveCfg = Debug|Any CPU
		{7D4BE665-84A1-4D56-AD26-066909F4CBBE}.Debug|Any CPU.Build.0 = Debug|Any CPU
		{7D4BE665-84A1-4D56-AD26-066909F4CBBE}.Release|Any CPU.ActiveCfg = Release|Any CPU
		{7D4BE665-84A1-4D56-AD26-066909F4CBBE}.Release|Any CPU.Build.0 = Release|Any CPU
		{1AECDAB0-538C-46E4-93DA-3FABE4CC072A}.Debug|Any CPU.ActiveCfg = Debug|Any CPU
		{1AECDAB0-538C-46E4-93DA-3FABE4CC072A}.Debug|Any CPU.Build.0 = Debug|Any CPU
		{1AECDAB0-538C-46E4-93DA-3FABE4CC072A}.Release|Any CPU.ActiveCfg = Release|Any CPU
		{1AECDAB0-538C-46E4-93DA-3FABE4CC072A}.Release|Any CPU.Build.0 = Release|Any CPU
		{EB6F665A-7870-4FE2-9144-C429EE36216C}.Debug|Any CPU.ActiveCfg = Debug|Any CPU
		{EB6F665A-7870-4FE2-9144-C429EE36216C}.Debug|Any CPU.Build.0 = Debug|Any CPU
		{EB6F665A-7870-4FE2-9144-C429EE36216C}.Release|Any CPU.ActiveCfg = Release|Any CPU
		{EB6F665A-7870-4FE2-9144-C429EE36216C}.Release|Any CPU.Build.0 = Release|Any CPU
		{00F142D9-8D4E-43A4-BE1F-5EA2743AC39F}.Debug|Any CPU.ActiveCfg = Debug|Any CPU
		{00F142D9-8D4E-43A4-BE1F-5EA2743AC39F}.Debug|Any CPU.Build.0 = Debug|Any CPU
		{00F142D9-8D4E-43A4-BE1F-5EA2743AC39F}.Release|Any CPU.ActiveCfg = Release|Any CPU
		{00F142D9-8D4E-43A4-BE1F-5EA2743AC39F}.Release|Any CPU.Build.0 = Release|Any CPU
		{620F4599-6229-40BB-AF00-7B9C38BF35FD}.Debug|Any CPU.ActiveCfg = Debug|Any CPU
		{620F4599-6229-40BB-AF00-7B9C38BF35FD}.Debug|Any CPU.Build.0 = Debug|Any CPU
		{620F4599-6229-40BB-AF00-7B9C38BF35FD}.Release|Any CPU.ActiveCfg = Release|Any CPU
		{620F4599-6229-40BB-AF00-7B9C38BF35FD}.Release|Any CPU.Build.0 = Release|Any CPU
	EndGlobalSection
	GlobalSection(SolutionProperties) = preSolution
		HideSolutionNode = FALSE
	EndGlobalSection
EndGlobal
